{
  "name": "restarfall-ext",
  "version": "0.3.1",
  "lockfileVersion": 2,
  "requires": true,
  "packages": {
    "": {
      "name": "restarfall-ext",
      "version": "0.3.1",
      "license": "MIT",
      "peerDependencies": {
        "restarfall": "file:../restarfall"
      }
    },
    "../restarfall": {
      "version": "0.3.1",
      "license": "MIT",
      "peer": true
    },
    "node_modules/restarfall": {
      "resolved": "../restarfall",
      "link": true
    }
  },
  "dependencies": {
    "restarfall": {
      "version": "file:../restarfall"
    }
  }
}
